
Microsoft Visual Studio Solution File, Format Version 12.00
# Visual Studio Version 16
VisualStudioVersion = 16.0.29709.97
MinimumVisualStudioVersion = 10.0.40219.1
Project("{9A19103F-16F7-4668-BE54-9A1E7A4F7556}") = "MythicalApi", "Mythical\MythicalApi.csproj", "{A0E8BCC9-0406-41CA-BB1F-A7038917F0EE}"
EndProject
Project("{FAE04EC0-301F-11D3-BF4B-00C04F79EFBC}") = "MythicalWebApp", "MythicalWebApp\MythicalWebApp.csproj", "{28DF1B48-7AC4-4622-864D-9371F5AA675A}"
EndProject
Project("{FAE04EC0-301F-11D3-BF4B-00C04F79EFBC}") = "MythicalUtils", "MythicalUtils\MythicalUtils.csproj", "{963F9501-8F8B-4396-BDC8-38404ABEBC25}"
EndProject
Global
	GlobalSection(SolutionConfigurationPlatforms) = preSolution
		Debug|Any CPU = Debug|Any CPU
		Release|Any CPU = Release|Any CPU
	EndGlobalSection
	GlobalSection(ProjectConfigurationPlatforms) = postSolution
		{A0E8BCC9-0406-41CA-BB1F-A7038917F0EE}.Debug|Any CPU.ActiveCfg = Debug|Any CPU
		{A0E8BCC9-0406-41CA-BB1F-A7038917F0EE}.Debug|Any CPU.Build.0 = Debug|Any CPU
		{A0E8BCC9-0406-41CA-BB1F-A7038917F0EE}.Release|Any CPU.ActiveCfg = Release|Any CPU
		{A0E8BCC9-0406-41CA-BB1F-A7038917F0EE}.Release|Any CPU.Build.0 = Release|Any CPU
		{28DF1B48-7AC4-4622-864D-9371F5AA675A}.Debug|Any CPU.ActiveCfg = Debug|Any CPU
		{28DF1B48-7AC4-4622-864D-9371F5AA675A}.Debug|Any CPU.Build.0 = Debug|Any CPU
		{28DF1B48-7AC4-4622-864D-9371F5AA675A}.Release|Any CPU.ActiveCfg = Release|Any CPU
		{28DF1B48-7AC4-4622-864D-9371F5AA675A}.Release|Any CPU.Build.0 = Release|Any CPU
		{963F9501-8F8B-4396-BDC8-38404ABEBC25}.Debug|Any CPU.ActiveCfg = Debug|Any CPU
		{963F9501-8F8B-4396-BDC8-38404ABEBC25}.Debug|Any CPU.Build.0 = Debug|Any CPU
		{963F9501-8F8B-4396-BDC8-38404ABEBC25}.Release|Any CPU.ActiveCfg = Release|Any CPU
		{963F9501-8F8B-4396-BDC8-38404ABEBC25}.Release|Any CPU.Build.0 = Release|Any CPU
	EndGlobalSection
	GlobalSection(SolutionProperties) = preSolution
		HideSolutionNode = FALSE
	EndGlobalSection
	GlobalSection(ExtensibilityGlobals) = postSolution
		SolutionGuid = {9B644B90-E8CA-4C97-8749-7DDFE177FF4B}
	EndGlobalSection
EndGlobal
